// !$*UTF8*$!
{
	archiveVersion = 1;
	classes = {
	};
	objectVersion = 46;
	objects = {

/* Begin PBXBuildFile section */
		79A4917F1EA566F9004E79BD /* Activation.swift in Sources */ = {isa = PBXBuildFile; fileRef = 79A491771EA566F9004E79BD /* Activation.swift */; };
		79A491801EA566F9004E79BD /* Cache.swift in Sources */ = {isa = PBXBuildFile; fileRef = 79A491781EA566F9004E79BD /* Cache.swift */; };
		79A491811EA566F9004E79BD /* Config.swift in Sources */ = {isa = PBXBuildFile; fileRef = 79A491791EA566F9004E79BD /* Config.swift */; };
		79A491821EA566F9004E79BD /* Cost.swift in Sources */ = {isa = PBXBuildFile; fileRef = 79A4917A1EA566F9004E79BD /* Cost.swift */; };
		79A491831EA566F9004E79BD /* Dataset.swift in Sources */ = {isa = PBXBuildFile; fileRef = 79A4917B1EA566F9004E79BD /* Dataset.swift */; };
		79A491841EA566F9004E79BD /* NeuralNet.swift in Sources */ = {isa = PBXBuildFile; fileRef = 79A4917C1EA566F9004E79BD /* NeuralNet.swift */; };
		79A491851EA566F9004E79BD /* Storage.swift in Sources */ = {isa = PBXBuildFile; fileRef = 79A4917D1EA566F9004E79BD /* Storage.swift */; };
		79A491861EA566F9004E79BD /* Structure.swift in Sources */ = {isa = PBXBuildFile; fileRef = 79A4917E1EA566F9004E79BD /* Structure.swift */; };
		79B02DF51E86C9A300D8B62F /* AppDelegate.swift in Sources */ = {isa = PBXBuildFile; fileRef = 79B02DF41E86C9A300D8B62F /* AppDelegate.swift */; };
		79B02DF71E86C9A300D8B62F /* ViewController.swift in Sources */ = {isa = PBXBuildFile; fileRef = 79B02DF61E86C9A300D8B62F /* ViewController.swift */; };
		79B02DFA1E86C9A300D8B62F /* Main.storyboard in Resources */ = {isa = PBXBuildFile; fileRef = 79B02DF81E86C9A300D8B62F /* Main.storyboard */; };
		79B02DFC1E86C9A300D8B62F /* Assets.xcassets in Resources */ = {isa = PBXBuildFile; fileRef = 79B02DFB1E86C9A300D8B62F /* Assets.xcassets */; };
		79B02DFF1E86C9A300D8B62F /* LaunchScreen.storyboard in Resources */ = {isa = PBXBuildFile; fileRef = 79B02DFD1E86C9A300D8B62F /* LaunchScreen.storyboard */; };
		79F8DFA51EA2B71000059953 /* CoreMotion.framework in Frameworks */ = {isa = PBXBuildFile; fileRef = 79F8DFA41EA2B71000059953 /* CoreMotion.framework */; };
		79F8DFA71EA2B71A00059953 /* CoreData.framework in Frameworks */ = {isa = PBXBuildFile; fileRef = 79F8DFA61EA2B71A00059953 /* CoreData.framework */; };
/* End PBXBuildFile section */

/* Begin PBXFileReference section */
		79A491771EA566F9004E79BD /* Activation.swift */ = {isa = PBXFileReference; fileEncoding = 4; lastKnownFileType = sourcecode.swift; path = Activation.swift; sourceTree = "<group>"; };
		79A491781EA566F9004E79BD /* Cache.swift */ = {isa = PBXFileReference; fileEncoding = 4; lastKnownFileType = sourcecode.swift; path = Cache.swift; sourceTree = "<group>"; };
		79A491791EA566F9004E79BD /* Config.swift */ = {isa = PBXFileReference; fileEncoding = 4; lastKnownFileType = sourcecode.swift; path = Config.swift; sourceTree = "<group>"; };
		79A4917A1EA566F9004E79BD /* Cost.swift */ = {isa = PBXFileReference; fileEncoding = 4; lastKnownFileType = sourcecode.swift; path = Cost.swift; sourceTree = "<group>"; };
		79A4917B1EA566F9004E79BD /* Dataset.swift */ = {isa = PBXFileReference; fileEncoding = 4; lastKnownFileType = sourcecode.swift; path = Dataset.swift; sourceTree = "<group>"; };
		79A4917C1EA566F9004E79BD /* NeuralNet.swift */ = {isa = PBXFileReference; fileEncoding = 4; lastKnownFileType = sourcecode.swift; path = NeuralNet.swift; sourceTree = "<group>"; };
		79A4917D1EA566F9004E79BD /* Storage.swift */ = {isa = PBXFileReference; fileEncoding = 4; lastKnownFileType = sourcecode.swift; path = Storage.swift; sourceTree = "<group>"; };
		79A4917E1EA566F9004E79BD /* Structure.swift */ = {isa = PBXFileReference; fileEncoding = 4; lastKnownFileType = sourcecode.swift; path = Structure.swift; sourceTree = "<group>"; };
		79B02DF11E86C9A300D8B62F /* Swift-HAR.app */ = {isa = PBXFileReference; explicitFileType = wrapper.application; includeInIndex = 0; path = "Swift-HAR.app"; sourceTree = BUILT_PRODUCTS_DIR; };
		79B02DF41E86C9A300D8B62F /* AppDelegate.swift */ = {isa = PBXFileReference; lastKnownFileType = sourcecode.swift; path = AppDelegate.swift; sourceTree = "<group>"; };
		79B02DF61E86C9A300D8B62F /* ViewController.swift */ = {isa = PBXFileReference; lastKnownFileType = sourcecode.swift; path = ViewController.swift; sourceTree = "<group>"; };
		79B02DF91E86C9A300D8B62F /* Base */ = {isa = PBXFileReference; lastKnownFileType = file.storyboard; name = Base; path = Base.lproj/Main.storyboard; sourceTree = "<group>"; };
		79B02DFB1E86C9A300D8B62F /* Assets.xcassets */ = {isa = PBXFileReference; lastKnownFileType = folder.assetcatalog; path = Assets.xcassets; sourceTree = "<group>"; };
		79B02DFE1E86C9A300D8B62F /* Base */ = {isa = PBXFileReference; lastKnownFileType = file.storyboard; name = Base; path = Base.lproj/LaunchScreen.storyboard; sourceTree = "<group>"; };
		79B02E001E86C9A300D8B62F /* Info.plist */ = {isa = PBXFileReference; lastKnownFileType = text.plist.xml; path = Info.plist; sourceTree = "<group>"; };
		79F8DFA41EA2B71000059953 /* CoreMotion.framework */ = {isa = PBXFileReference; lastKnownFileType = wrapper.framework; name = CoreMotion.framework; path = System/Library/Frameworks/CoreMotion.framework; sourceTree = SDKROOT; };
		79F8DFA61EA2B71A00059953 /* CoreData.framework */ = {isa = PBXFileReference; lastKnownFileType = wrapper.framework; name = CoreData.framework; path = System/Library/Frameworks/CoreData.framework; sourceTree = SDKROOT; };
/* End PBXFileReference section */

/* Begin PBXFrameworksBuildPhase section */
		79B02DEE1E86C9A300D8B62F /* Frameworks */ = {
			isa = PBXFrameworksBuildPhase;
			buildActionMask = 2147483647;
			files = (
				79F8DFA71EA2B71A00059953 /* CoreData.framework in Frameworks */,
				79F8DFA51EA2B71000059953 /* CoreMotion.framework in Frameworks */,
			);
			runOnlyForDeploymentPostprocessing = 0;
		};
/* End PBXFrameworksBuildPhase section */

/* Begin PBXGroup section */
		79B02DE81E86C9A300D8B62F = {
			isa = PBXGroup;
			children = (
				79B02DF31E86C9A300D8B62F /* Swift-HAR */,
				79B02DF21E86C9A300D8B62F /* Products */,
				79F8DFA31EA2B71000059953 /* Frameworks */,
			);
			sourceTree = "<group>";
		};
		79B02DF21E86C9A300D8B62F /* Products */ = {
			isa = PBXGroup;
			children = (
				79B02DF11E86C9A300D8B62F /* Swift-HAR.app */,
			);
			name = Products;
			sourceTree = "<group>";
		};
		79B02DF31E86C9A300D8B62F /* Swift-HAR */ = {
			isa = PBXGroup;
			children = (
				79A491771EA566F9004E79BD /* Activation.swift */,
				79A491781EA566F9004E79BD /* Cache.swift */,
				79A491791EA566F9004E79BD /* Config.swift */,
				79A4917A1EA566F9004E79BD /* Cost.swift */,
				79A4917B1EA566F9004E79BD /* Dataset.swift */,
				79A4917C1EA566F9004E79BD /* NeuralNet.swift */,
				79A4917D1EA566F9004E79BD /* Storage.swift */,
				79A4917E1EA566F9004E79BD /* Structure.swift */,
				79B02DF41E86C9A300D8B62F /* AppDelegate.swift */,
				79B02DF61E86C9A300D8B62F /* ViewController.swift */,
				79B02DF81E86C9A300D8B62F /* Main.storyboard */,
				79B02DFB1E86C9A300D8B62F /* Assets.xcassets */,
				79B02DFD1E86C9A300D8B62F /* LaunchScreen.storyboard */,
				79B02E001E86C9A300D8B62F /* Info.plist */,
			);
			path = "Swift-HAR";
			sourceTree = "<group>";
		};
		79F8DFA31EA2B71000059953 /* Frameworks */ = {
			isa = PBXGroup;
			children = (
				79F8DFA61EA2B71A00059953 /* CoreData.framework */,
				79F8DFA41EA2B71000059953 /* CoreMotion.framework */,
			);
			name = Frameworks;
			sourceTree = "<group>";
		};
/* End PBXGroup section */

/* Begin PBXNativeTarget section */
		79B02DF01E86C9A300D8B62F /* Swift-HAR */ = {
			isa = PBXNativeTarget;
			buildConfigurationList = 79B02E031E86C9A300D8B62F /* Build configuration list for PBXNativeTarget "Swift-HAR" */;
			buildPhases = (
				79B02DED1E86C9A300D8B62F /* Sources */,
				79B02DEE1E86C9A300D8B62F /* Frameworks */,
				79B02DEF1E86C9A300D8B62F /* Resources */,
			);
			buildRules = (
			);
			dependencies = (
			);
			name = "Swift-HAR";
			productName = "Swift-HAR";
			productReference = 79B02DF11E86C9A300D8B62F /* Swift-HAR.app */;
			productType = "com.apple.product-type.application";
		};
/* End PBXNativeTarget section */

/* Begin PBXProject section */
		79B02DE91E86C9A300D8B62F /* Project object */ = {
			isa = PBXProject;
			attributes = {
				LastSwiftUpdateCheck = 0820;
				LastUpgradeCheck = 0820;
				ORGANIZATIONNAME = BDAC;
				TargetAttributes = {
					79B02DF01E86C9A300D8B62F = {
						CreatedOnToolsVersion = 8.2.1;
						DevelopmentTeam = 39WJ446KMK;
						ProvisioningStyle = Automatic;
					};
				};
			};
			buildConfigurationList = 79B02DEC1E86C9A300D8B62F /* Build configuration list for PBXProject "Swift-HAR" */;
			compatibilityVersion = "Xcode 3.2";
			developmentRegion = English;
			hasScannedForEncodings = 0;
			knownRegions = (
				en,
				Base,
			);
			mainGroup = 79B02DE81E86C9A300D8B62F;
			productRefGroup = 79B02DF21E86C9A300D8B62F /* Products */;
			projectDirPath = "";
			projectRoot = "";
			targets = (
				79B02DF01E86C9A300D8B62F /* Swift-HAR */,
			);
		};
/* End PBXProject section */

/* Begin PBXResourcesBuildPhase section */
		79B02DEF1E86C9A300D8B62F /* Resources */ = {
			isa = PBXResourcesBuildPhase;
			buildActionMask = 2147483647;
			files = (
				79B02DFF1E86C9A300D8B62F /* LaunchScreen.storyboard in Resources */,
				79B02DFC1E86C9A300D8B62F /* Assets.xcassets in Resources */,
				79B02DFA1E86C9A300D8B62F /* Main.storyboard in Resources */,
			);
			runOnlyForDeploymentPostprocessing = 0;
		};
/* End PBXResourcesBuildPhase section */

/* Begin PBXSourcesBuildPhase section */
		79B02DED1E86C9A300D8B62F /* Sources */ = {
			isa = PBXSourcesBuildPhase;
			buildActionMask = 2147483647;
			files = (
				79A491841EA566F9004E79BD /* NeuralNet.swift in Sources */,
				79A491821EA566F9004E79BD /* Cost.swift in Sources */,
				79A491831EA566F9004E79BD /* Dataset.swift in Sources */,
				79B02DF71E86C9A300D8B62F /* ViewController.swift in Sources */,
				79A4917F1EA566F9004E79BD /* Activation.swift in Sources */,
				79A491851EA566F9004E79BD /* Storage.swift in Sources */,
				79A491811EA566F9004E79BD /* Config.swift in Sources */,
				79A491861EA566F9004E79BD /* Structure.swift in Sources */,
				79A491801EA566F9004E79BD /* Cache.swift in Sources */,
				79B02DF51E86C9A300D8B62F /* AppDelegate.swift in Sources */,
			);
			runOnlyForDeploymentPostprocessing = 0;
		};
/* End PBXSourcesBuildPhase section */

/* Begin PBXVariantGroup section */
		79B02DF81E86C9A300D8B62F /* Main.storyboard */ = {
			isa = PBXVariantGroup;
			children = (
				79B02DF91E86C9A300D8B62F /* Base */,
			);
			name = Main.storyboard;
			sourceTree = "<group>";
		};
		79B02DFD1E86C9A300D8B62F /* LaunchScreen.storyboard */ = {
			isa = PBXVariantGroup;
			children = (
				79B02DFE1E86C9A300D8B62F /* Base */,
			);
			name = LaunchScreen.storyboard;
			sourceTree = "<group>";
		};
/* End PBXVariantGroup section */

/* Begin XCBuildConfiguration section */
		79B02E011E86C9A300D8B62F /* Debug */ = {
			isa = XCBuildConfiguration;
			buildSettings = {
				ALWAYS_SEARCH_USER_PATHS = NO;
				CLANG_ANALYZER_NONNULL = YES;
				CLANG_CXX_LANGUAGE_STANDARD = "gnu++0x";
				CLANG_CXX_LIBRARY = "libc++";
				CLANG_ENABLE_MODULES = YES;
				CLANG_ENABLE_OBJC_ARC = YES;
				CLANG_WARN_BOOL_CONVERSION = YES;
				CLANG_WARN_CONSTANT_CONVERSION = YES;
				CLANG_WARN_DIRECT_OBJC_ISA_USAGE = YES_ERROR;
				CLANG_WARN_DOCUMENTATION_COMMENTS = YES;
				CLANG_WARN_EMPTY_BODY = YES;
				CLANG_WARN_ENUM_CONVERSION = YES;
				CLANG_WARN_INFINITE_RECURSION = YES;
				CLANG_WARN_INT_CONVERSION = YES;
				CLANG_WARN_OBJC_ROOT_CLASS = YES_ERROR;
				CLANG_WARN_SUSPICIOUS_MOVE = YES;
				CLANG_WARN_UNREACHABLE_CODE = YES;
				CLANG_WARN__DUPLICATE_METHOD_MATCH = YES;
				"CODE_SIGN_IDENTITY[sdk=iphoneos*]" = "iPhone Developer";
				COPY_PHASE_STRIP = NO;
				DEBUG_INFORMATION_FORMAT = dwarf;
				ENABLE_STRICT_OBJC_MSGSEND = YES;
				ENABLE_TESTABILITY = YES;
				GCC_C_LANGUAGE_STANDARD = gnu99;
				GCC_DYNAMIC_NO_PIC = NO;
				GCC_NO_COMMON_BLOCKS = YES;
				GCC_OPTIMIZATION_LEVEL = 0;
				GCC_PREPROCESSOR_DEFINITIONS = (
					"DEBUG=1",
					"$(inherited)",
				);
				GCC_WARN_64_TO_32_BIT_CONVERSION = YES;
				GCC_WARN_ABOUT_RETURN_TYPE = YES_ERROR;
				GCC_WARN_UNDECLARED_SELECTOR = YES;
				GCC_WARN_UNINITIALIZED_AUTOS = YES_AGGRESSIVE;
				GCC_WARN_UNUSED_FUNCTION = YES;
				GCC_WARN_UNUSED_VARIABLE = YES;
				IPHONEOS_DEPLOYMENT_TARGET = 10.2;
				MTL_ENABLE_DEBUG_INFO = YES;
				ONLY_ACTIVE_ARCH = YES;
				SDKROOT = iphoneos;
				SWIFT_ACTIVE_COMPILATION_CONDITIONS = DEBUG;
				SWIFT_OPTIMIZATION_LEVEL = "-Onone";
				TARGETED_DEVICE_FAMILY = "1,2";
			};
			name = Debug;
		};
		79B02E021E86C9A300D8B62F /* Release */ = {
			isa = XCBuildConfiguration;
			buildSettings = {
				ALWAYS_SEARCH_USER_PATHS = NO;
				CLANG_ANALYZER_NONNULL = YES;
				CLANG_CXX_LANGUAGE_STANDARD = "gnu++0x";
				CLANG_CXX_LIBRARY = "libc++";
				CLANG_ENABLE_MODULES = YES;
				CLANG_ENABLE_OBJC_ARC = YES;
				CLANG_WARN_BOOL_CONVERSION = YES;
				CLANG_WARN_CONSTANT_CONVERSION = YES;
				CLANG_WARN_DIRECT_OBJC_ISA_USAGE = YES_ERROR;
				CLANG_WARN_DOCUMENTATION_COMMENTS = YES;
				CLANG_WARN_EMPTY_BODY = YES;
				CLANG_WARN_ENUM_CONVERSION = YES;
				CLANG_WARN_INFINITE_RECURSION = YES;
				CLANG_WARN_INT_CONVERSION = YES;
				CLANG_WARN_OBJC_ROOT_CLASS = YES_ERROR;
				CLANG_WARN_SUSPICIOUS_MOVE = YES;
				CLANG_WARN_UNREACHABLE_CODE = YES;
				CLANG_WARN__DUPLICATE_METHOD_MATCH = YES;
				"CODE_SIGN_IDENTITY[sdk=iphoneos*]" = "iPhone Developer";
				COPY_PHASE_STRIP = NO;
				DEBUG_INFORMATION_FORMAT = "dwarf-with-dsym";
				ENABLE_NS_ASSERTIONS = NO;
				ENABLE_STRICT_OBJC_MSGSEND = YES;
				GCC_C_LANGUAGE_STANDARD = gnu99;
				GCC_NO_COMMON_BLOCKS = YES;
				GCC_WARN_64_TO_32_BIT_CONVERSION = YES;
				GCC_WARN_ABOUT_RETURN_TYPE = YES_ERROR;
				GCC_WARN_UNDECLARED_SELECTOR = YES;
				GCC_WARN_UNINITIALIZED_AUTOS = YES_AGGRESSIVE;
				GCC_WARN_UNUSED_FUNCTION = YES;
				GCC_WARN_UNUSED_VARIABLE = YES;
				IPHONEOS_DEPLOYMENT_TARGET = 10.2;
				MTL_ENABLE_DEBUG_INFO = NO;
				SDKROOT = iphoneos;
				SWIFT_OPTIMIZATION_LEVEL = "-Owholemodule";
				TARGETED_DEVICE_FAMILY = "1,2";
				VALIDATE_PRODUCT = YES;
			};
			name = Release;
		};
		79B02E041E86C9A300D8B62F /* Debug */ = {
			isa = XCBuildConfiguration;
			buildSettings = {
				ASSETCATALOG_COMPILER_APPICON_NAME = AppIcon;
				DEVELOPMENT_TEAM = 39WJ446KMK;
				INFOPLIST_FILE = "Swift-HAR/Info.plist";
				LD_RUNPATH_SEARCH_PATHS = "$(inherited) @executable_path/Frameworks";
				PRODUCT_BUNDLE_IDENTIFIER = "com.bdac.Swift-HAR";
				PRODUCT_NAME = "$(TARGET_NAME)";
				SWIFT_VERSION = 3.0;
			};
			name = Debug;
		};
		79B02E051E86C9A300D8B62F /* Release */ = {
			isa = XCBuildConfiguration;
			buildSettings = {
				ASSETCATALOG_COMPILER_APPICON_NAME = AppIcon;
				DEVELOPMENT_TEAM = 39WJ446KMK;
				INFOPLIST_FILE = "Swift-HAR/Info.plist";
				LD_RUNPATH_SEARCH_PATHS = "$(inherited) @executable_path/Frameworks";
				PRODUCT_BUNDLE_IDENTIFIER = "com.bdac.Swift-HAR";
				PRODUCT_NAME = "$(TARGET_NAME)";
				SWIFT_VERSION = 3.0;
			};
			name = Release;
		};
/* End XCBuildConfiguration section */

/* Begin XCConfigurationList section */
		79B02DEC1E86C9A300D8B62F /* Build configuration list for PBXProject "Swift-HAR" */ = {
			isa = XCConfigurationList;
			buildConfigurations = (
				79B02E011E86C9A300D8B62F /* Debug */,
				79B02E021E86C9A300D8B62F /* Release */,
			);
			defaultConfigurationIsVisible = 0;
			defaultConfigurationName = Release;
		};
		79B02E031E86C9A300D8B62F /* Build configuration list for PBXNativeTarget "Swift-HAR" */ = {
			isa = XCConfigurationList;
			buildConfigurations = (
				79B02E041E86C9A300D8B62F /* Debug */,
				79B02E051E86C9A300D8B62F /* Release */,
			);
			defaultConfigurationIsVisible = 0;
			defaultConfigurationName = Release;
		};
/* End XCConfigurationList section */
	};
	rootObject = 79B02DE91E86C9A300D8B62F /* Project object */;
}
